{
  "nodes": {
    "flake-parts": {
      "inputs": {
        "nixpkgs-lib": [
          "nix-unit",
          "nixpkgs"
        ]
      },
      "locked": {
        "lastModified": 1706830856,
        "narHash": "sha256-a0NYyp+h9hlb7ddVz4LUn1vT/PLwqfrWYcHMvFB1xYg=",
        "owner": "hercules-ci",
        "repo": "flake-parts",
        "rev": "b253292d9c0a5ead9bc98c4e9a26c6312e27d69f",
        "type": "github"
      },
      "original": {
        "owner": "hercules-ci",
        "repo": "flake-parts",
        "type": "github"
      }
    },
    "mdbook-nixdoc": {
      "inputs": {
        "flake-parts": [
          "nix-unit",
          "flake-parts"
        ],
        "nix-github-actions": [
          "nix-unit",
          "nix-github-actions"
        ],
        "nixpkgs": [
          "nix-unit",
          "nixpkgs"
        ],
        "treefmt-nix": [
          "nix-unit",
          "treefmt-nix"
        ]
      },
      "locked": {
        "lastModified": 1708342507,
        "narHash": "sha256-KoaAog/peCdkrtapUPq7F9aneJLXZMwo6CCcQ3+OtOA=",
        "owner": "adisbladis",
        "repo": "mdbook-nixdoc",
        "rev": "ce2d327032fb3d6f20144a54e7dc1195c108a1b1",
        "type": "github"
      },
      "original": {
        "owner": "adisbladis",
        "repo": "mdbook-nixdoc",
        "type": "github"
      }
    },
    "nix-github-actions": {
      "inputs": {
        "nixpkgs": [
          "nix-unit",
          "nixpkgs"
        ]
      },
      "locked": {
        "lastModified": 1703863825,
        "narHash": "sha256-rXwqjtwiGKJheXB43ybM8NwWB8rO2dSRrEqes0S7F5Y=",
        "owner": "nix-community",
        "repo": "nix-github-actions",
        "rev": "5163432afc817cf8bd1f031418d1869e4c9d5547",
        "type": "github"
      },
      "original": {
        "owner": "nix-community",
        "repo": "nix-github-actions",
        "type": "github"
      }
    },
    "nix-unit": {
      "inputs": {
        "flake-parts": "flake-parts",
        "mdbook-nixdoc": "mdbook-nixdoc",
        "nix-github-actions": "nix-github-actions",
        "nixpkgs": [
          "nixpkgs"
        ],
        "treefmt-nix": "treefmt-nix"
      },
      "locked": {
        "lastModified": 1719395214,
        "narHash": "sha256-sDYeiwVo6+GL4/AHadeExVqE9j3wzdUsyMLs1OYQW7Y=",
        "owner": "nix-community",
        "repo": "nix-unit",
        "rev": "7161c4bd2f857bc57332100f00d7e86fdfe7c56c",
        "type": "github"
      },
      "original": {
        "owner": "nix-community",
        "repo": "nix-unit",
        "type": "github"
      }
    },
    "nixpkgs": {
      "locked": {
        "lastModified": 1719405666,
        "narHash": "sha256-iPABp5L4LRhMze2ntfbGFq8tuhsRGVT59CWfcQ3O1yo=",
        "owner": "nixos",
        "repo": "nixpkgs",
        "rev": "00ba4c2c35f5e450f28e13e931994c730df05563",
        "type": "github"
      },
      "original": {
        "owner": "nixos",
        "repo": "nixpkgs",
        "type": "github"
      }
    },
    "root": {
      "inputs": {
        "nix-unit": "nix-unit",
        "nixpkgs": "nixpkgs"
      }
    },
    "treefmt-nix": {
      "inputs": {
        "nixpkgs": [
          "nix-unit",
          "nixpkgs"
        ]
      },
      "locked": {
        "lastModified": 1708335038,
        "narHash": "sha256-ETLZNFBVCabo7lJrpjD6cAbnE11eDOjaQnznmg/6hAE=",
        "owner": "numtide",
        "repo": "treefmt-nix",
        "rev": "e504621290a1fd896631ddbc5e9c16f4366c9f65",
        "type": "github"
      },
      "original": {
        "owner": "numtide",
        "repo": "treefmt-nix",
        "type": "github"
      }
    }
  },
  "root": "root",
  "version": 7
}
